
Microsoft Visual Studio Solution File, Format Version 10.00
# Visual Studio 2008
Project("{FAE04EC0-301F-11D3-BF4B-00C04F79EFBC}") = "XML", "XML\XML.csproj", "{DF45ADB6-6B9A-4030-82F5-AD749EADF925}"
EndProject
Global
	GlobalSection(SolutionConfigurationPlatforms) = preSolution
		Debug|Any CPU = Debug|Any CPU
		Release|Any CPU = Release|Any CPU
	EndGlobalSection
	GlobalSection(ProjectConfigurationPlatforms) = postSolution
		{DF45ADB6-6B9A-4030-82F5-AD749EADF925}.Debug|Any CPU.ActiveCfg = Debug|Any CPU
		{DF45ADB6-6B9A-4030-82F5-AD749EADF925}.Debug|Any CPU.Build.0 = Debug|Any CPU
		{DF45ADB6-6B9A-4030-82F5-AD749EADF925}.Release|Any CPU.ActiveCfg = Release|Any CPU
		{DF45ADB6-6B9A-4030-82F5-AD749EADF925}.Release|Any CPU.Build.0 = Release|Any CPU
	EndGlobalSection
	GlobalSection(SolutionProperties) = preSolution
		HideSolutionNode = FALSE
	EndGlobalSection
EndGlobal
