
Microsoft Visual Studio Solution File, Format Version 10.00
# Visual Studio 2008
Project("{FAE04EC0-301F-11D3-BF4B-00C04F79EFBC}") = "Isoplan", "Isoplan\Isoplan.csproj", "{61DD533B-57A6-4B14-9CDA-8029A7D7B1A4}"
EndProject
Project("{FAE04EC0-301F-11D3-BF4B-00C04F79EFBC}") = "IsoplanCertificado", "IsoplanCertificado\IsoplanCertificado.csproj", "{1135A4FA-8D2A-4B3F-B215-4693B8B72131}"
EndProject
Global
	GlobalSection(SolutionConfigurationPlatforms) = preSolution
		Debug|Any CPU = Debug|Any CPU
		Release|Any CPU = Release|Any CPU
	EndGlobalSection
	GlobalSection(ProjectConfigurationPlatforms) = postSolution
		{61DD533B-57A6-4B14-9CDA-8029A7D7B1A4}.Debug|Any CPU.ActiveCfg = Debug|Any CPU
		{61DD533B-57A6-4B14-9CDA-8029A7D7B1A4}.Debug|Any CPU.Build.0 = Debug|Any CPU
		{61DD533B-57A6-4B14-9CDA-8029A7D7B1A4}.Release|Any CPU.ActiveCfg = Release|Any CPU
		{61DD533B-57A6-4B14-9CDA-8029A7D7B1A4}.Release|Any CPU.Build.0 = Release|Any CPU
		{1135A4FA-8D2A-4B3F-B215-4693B8B72131}.Debug|Any CPU.ActiveCfg = Debug|Any CPU
		{1135A4FA-8D2A-4B3F-B215-4693B8B72131}.Debug|Any CPU.Build.0 = Debug|Any CPU
		{1135A4FA-8D2A-4B3F-B215-4693B8B72131}.Release|Any CPU.ActiveCfg = Release|Any CPU
		{1135A4FA-8D2A-4B3F-B215-4693B8B72131}.Release|Any CPU.Build.0 = Release|Any CPU
	EndGlobalSection
	GlobalSection(SolutionProperties) = preSolution
		HideSolutionNode = FALSE
	EndGlobalSection
EndGlobal
